
Microsoft Visual Studio Solution File, Format Version 12.00
# Visual Studio Version 16
VisualStudioVersion = 16.0.29318.209
MinimumVisualStudioVersion = 10.0.40219.1
Project("{FAE04EC0-301F-11D3-BF4B-00C04F79EFBC}") = "AbsaDemo.ConsoleApp", "AbsaDemo.ConsoleApp\AbsaDemo.ConsoleApp.csproj", "{EDAD7282-E7FF-4998-B89E-1A94CC883339}"
EndProject
Project("{FAE04EC0-301F-11D3-BF4B-00C04F79EFBC}") = "AbsaDemo.Library", "AbsaDemo.Library\AbsaDemo.Library.csproj", "{1ED293F2-E0A3-4953-A3ED-F36C4B7109FF}"
EndProject
Project("{FAE04EC0-301F-11D3-BF4B-00C04F79EFBC}") = "AbsaDemo.Tests", "AbsaDemo.Tests\AbsaDemo.Tests.csproj", "{89A22B34-7705-4F78-9C3E-E6E6A01D0D34}"
EndProject
Global
	GlobalSection(SolutionConfigurationPlatforms) = preSolution
		Debug|Any CPU = Debug|Any CPU
		Release|Any CPU = Release|Any CPU
	EndGlobalSection
	GlobalSection(ProjectConfigurationPlatforms) = postSolution
		{EDAD7282-E7FF-4998-B89E-1A94CC883339}.Debug|Any CPU.ActiveCfg = Debug|Any CPU
		{EDAD7282-E7FF-4998-B89E-1A94CC883339}.Debug|Any CPU.Build.0 = Debug|Any CPU
		{EDAD7282-E7FF-4998-B89E-1A94CC883339}.Release|Any CPU.ActiveCfg = Release|Any CPU
		{EDAD7282-E7FF-4998-B89E-1A94CC883339}.Release|Any CPU.Build.0 = Release|Any CPU
		{1ED293F2-E0A3-4953-A3ED-F36C4B7109FF}.Debug|Any CPU.ActiveCfg = Debug|Any CPU
		{1ED293F2-E0A3-4953-A3ED-F36C4B7109FF}.Debug|Any CPU.Build.0 = Debug|Any CPU
		{1ED293F2-E0A3-4953-A3ED-F36C4B7109FF}.Release|Any CPU.ActiveCfg = Release|Any CPU
		{1ED293F2-E0A3-4953-A3ED-F36C4B7109FF}.Release|Any CPU.Build.0 = Release|Any CPU
		{89A22B34-7705-4F78-9C3E-E6E6A01D0D34}.Debug|Any CPU.ActiveCfg = Debug|Any CPU
		{89A22B34-7705-4F78-9C3E-E6E6A01D0D34}.Debug|Any CPU.Build.0 = Debug|Any CPU
		{89A22B34-7705-4F78-9C3E-E6E6A01D0D34}.Release|Any CPU.ActiveCfg = Release|Any CPU
		{89A22B34-7705-4F78-9C3E-E6E6A01D0D34}.Release|Any CPU.Build.0 = Release|Any CPU
	EndGlobalSection
	GlobalSection(SolutionProperties) = preSolution
		HideSolutionNode = FALSE
	EndGlobalSection
	GlobalSection(ExtensibilityGlobals) = postSolution
		SolutionGuid = {495CB9B3-6FBB-470D-8DD1-1D8BA0B1446E}
	EndGlobalSection
EndGlobal
